
Microsoft Visual Studio Solution File, Format Version 12.00
# Visual Studio Version 16
VisualStudioVersion = 16.0.29020.237
MinimumVisualStudioVersion = 10.0.40219.1
Project("{9A19103F-16F7-4668-BE54-9A1E7A4F7556}") = "AnagramSolver.Console", "MainApp\AnagramSolver.Console.csproj", "{6709DA3E-E9E2-4A09-883C-D5B31DD54DBD}"
EndProject
Project("{9A19103F-16F7-4668-BE54-9A1E7A4F7556}") = "AnagramSolver.BusinessLogic", "Implementation.AnagramSolver\AnagramSolver.BusinessLogic.csproj", "{36B770D1-4D23-41DC-9DD9-586268EF2513}"
EndProject
Project("{9A19103F-16F7-4668-BE54-9A1E7A4F7556}") = "AnagramSolver.Contracts", "Interfaces.AnagramSolver\AnagramSolver.Contracts.csproj", "{CD4C6312-89E2-409D-9B95-6D213265BE98}"
EndProject
Global
	GlobalSection(SolutionConfigurationPlatforms) = preSolution
		Debug|Any CPU = Debug|Any CPU
		Release|Any CPU = Release|Any CPU
	EndGlobalSection
	GlobalSection(ProjectConfigurationPlatforms) = postSolution
		{6709DA3E-E9E2-4A09-883C-D5B31DD54DBD}.Debug|Any CPU.ActiveCfg = Debug|Any CPU
		{6709DA3E-E9E2-4A09-883C-D5B31DD54DBD}.Debug|Any CPU.Build.0 = Debug|Any CPU
		{6709DA3E-E9E2-4A09-883C-D5B31DD54DBD}.Release|Any CPU.ActiveCfg = Release|Any CPU
		{6709DA3E-E9E2-4A09-883C-D5B31DD54DBD}.Release|Any CPU.Build.0 = Release|Any CPU
		{36B770D1-4D23-41DC-9DD9-586268EF2513}.Debug|Any CPU.ActiveCfg = Debug|Any CPU
		{36B770D1-4D23-41DC-9DD9-586268EF2513}.Debug|Any CPU.Build.0 = Debug|Any CPU
		{36B770D1-4D23-41DC-9DD9-586268EF2513}.Release|Any CPU.ActiveCfg = Release|Any CPU
		{36B770D1-4D23-41DC-9DD9-586268EF2513}.Release|Any CPU.Build.0 = Release|Any CPU
		{CD4C6312-89E2-409D-9B95-6D213265BE98}.Debug|Any CPU.ActiveCfg = Debug|Any CPU
		{CD4C6312-89E2-409D-9B95-6D213265BE98}.Debug|Any CPU.Build.0 = Debug|Any CPU
		{CD4C6312-89E2-409D-9B95-6D213265BE98}.Release|Any CPU.ActiveCfg = Release|Any CPU
		{CD4C6312-89E2-409D-9B95-6D213265BE98}.Release|Any CPU.Build.0 = Release|Any CPU
	EndGlobalSection
	GlobalSection(SolutionProperties) = preSolution
		HideSolutionNode = FALSE
	EndGlobalSection
	GlobalSection(ExtensibilityGlobals) = postSolution
		SolutionGuid = {1EC0B0D3-08AA-49B3-8D90-6A38683E794E}
	EndGlobalSection
EndGlobal
